Microsoft Visual Studio Solution File, Format Version 12.00
# Visual Studio Version 17
VisualStudioVersion = 17.5.2.0
MinimumVisualStudioVersion = 10.0.40219.1
Project("{FAE04EC0-301F-11D3-BF4B-00C04F79EFBC}") = "GastuakApi", "GastuakApi.csproj", "{AE5203C8-000E-5BBD-06BB-0A03F88F5952}"
EndProject
Global
	GlobalSection(SolutionConfigurationPlatforms) = preSolution
		Debug|Any CPU = Debug|Any CPU
		Release|Any CPU = Release|Any CPU
	EndGlobalSection
	GlobalSection(ProjectConfigurationPlatforms) = postSolution
		{AE5203C8-000E-5BBD-06BB-0A03F88F5952}.Debug|Any CPU.ActiveCfg = Debug|Any CPU
		{AE5203C8-000E-5BBD-06BB-0A03F88F5952}.Debug|Any CPU.Build.0 = Debug|Any CPU
		{AE5203C8-000E-5BBD-06BB-0A03F88F5952}.Release|Any CPU.ActiveCfg = Release|Any CPU
		{AE5203C8-000E-5BBD-06BB-0A03F88F5952}.Release|Any CPU.Build.0 = Release|Any CPU
	EndGlobalSection
	GlobalSection(SolutionProperties) = preSolution
		HideSolutionNode = FALSE
	EndGlobalSection
	GlobalSection(ExtensibilityGlobals) = postSolution
		SolutionGuid = {CD72750F-21DA-4FC1-86EA-45B2A9D560F3}
	EndGlobalSection
EndGlobal
